// !$*UTF8*$!
{
	archiveVersion = 1;
	classes = {
	};
	objectVersion = 50;
	objects = {

/* Begin PBXBuildFile section */
		3B5BDEB721795F6F008EEA33 /* AppDelegate.m in Sources */ = {isa = PBXBuildFile; fileRef = 3B5BDEB621795F6F008EEA33 /* AppDelegate.m */; };
		3B5BDEBA21795F6F008EEA33 /* ViewController.m in Sources */ = {isa = PBXBuildFile; fileRef = 3B5BDEB921795F6F008EEA33 /* ViewController.m */; };
		3B5BDEBD21795F6F008EEA33 /* Main.storyboard in Resources */ = {isa = PBXBuildFile; fileRef = 3B5BDEBB21795F6F008EEA33 /* Main.storyboard */; };
		3B5BDEC021795F6F008EEA33 /* ShapeCreator.xcdatamodeld in Sources */ = {isa = PBXBuildFile; fileRef = 3B5BDEBE21795F6F008EEA33 /* ShapeCreator.xcdatamodeld */; };
		3B5BDEC221795F70008EEA33 /* Assets.xcassets in Resources */ = {isa = PBXBuildFile; fileRef = 3B5BDEC121795F70008EEA33 /* Assets.xcassets */; };
		3B5BDEC521795F70008EEA33 /* LaunchScreen.storyboard in Resources */ = {isa = PBXBuildFile; fileRef = 3B5BDEC321795F70008EEA33 /* LaunchScreen.storyboard */; };
		3B5BDEC821795F70008EEA33 /* main.m in Sources */ = {isa = PBXBuildFile; fileRef = 3B5BDEC721795F70008EEA33 /* main.m */; };
		3B5BDED221795F71008EEA33 /* ShapeCreatorTests.m in Sources */ = {isa = PBXBuildFile; fileRef = 3B5BDED121795F71008EEA33 /* ShapeCreatorTests.m */; };
		3B5BDEDD21795F71008EEA33 /* ShapeCreatorUITests.m in Sources */ = {isa = PBXBuildFile; fileRef = 3B5BDEDC21795F71008EEA33 /* ShapeCreatorUITests.m */; };
		3B71B292218668EB00230D89 /* InstructionView.m in Sources */ = {isa = PBXBuildFile; fileRef = 3B71B291218668EB00230D89 /* InstructionView.m */; };
		3B71B2AA21951CBE00230D89 /* InstructionPaneViewController.m in Sources */ = {isa = PBXBuildFile; fileRef = 3B71B2A921951CBE00230D89 /* InstructionPaneViewController.m */; };
		3B71B2AD21951CF200230D89 /* InstructionPaneView.m in Sources */ = {isa = PBXBuildFile; fileRef = 3B71B2AC21951CF200230D89 /* InstructionPaneView.m */; };
		3B805D5F2182366F00455C54 /* WalkthroughViewController.m in Sources */ = {isa = PBXBuildFile; fileRef = 3B805D5E2182366F00455C54 /* WalkthroughViewController.m */; };
		3B805D622182370B00455C54 /* WalkthroughView.m in Sources */ = {isa = PBXBuildFile; fileRef = 3B805D612182370B00455C54 /* WalkthroughView.m */; };
		3B805D652182BC0C00455C54 /* CanvasView.m in Sources */ = {isa = PBXBuildFile; fileRef = 3B805D642182BC0C00455C54 /* CanvasView.m */; };
		3B805D682182BC1F00455C54 /* CanvasViewController.m in Sources */ = {isa = PBXBuildFile; fileRef = 3B805D672182BC1F00455C54 /* CanvasViewController.m */; };
		3BE18DCB21ABBDBD00EB8D79 /* TrayView.m in Sources */ = {isa = PBXBuildFile; fileRef = 3BE18DCA21ABBDBD00EB8D79 /* TrayView.m */; };
		3BE18DCE21ACFA2700EB8D79 /* TrayViewController.m in Sources */ = {isa = PBXBuildFile; fileRef = 3BE18DCD21ACFA2700EB8D79 /* TrayViewController.m */; };
		3BE18DD321B4C74400EB8D79 /* ColorPickerView.m in Sources */ = {isa = PBXBuildFile; fileRef = 3BE18DD221B4C74400EB8D79 /* ColorPickerView.m */; };
		3BE18DD621B5114300EB8D79 /* ColorPickerViewController.m in Sources */ = {isa = PBXBuildFile; fileRef = 3BE18DD521B5114300EB8D79 /* ColorPickerViewController.m */; };
/* End PBXBuildFile section */

/* Begin PBXContainerItemProxy section */
		3B5BDECE21795F71008EEA33 /* PBXContainerItemProxy */ = {
			isa = PBXContainerItemProxy;
			containerPortal = 3B5BDEAA21795F6E008EEA33 /* Project object */;
			proxyType = 1;
			remoteGlobalIDString = 3B5BDEB121795F6E008EEA33;
			remoteInfo = ShapeCreator;
		};
		3B5BDED921795F71008EEA33 /* PBXContainerItemProxy */ = {
			isa = PBXContainerItemProxy;
			containerPortal = 3B5BDEAA21795F6E008EEA33 /* Project object */;
			proxyType = 1;
			remoteGlobalIDString = 3B5BDEB121795F6E008EEA33;
			remoteInfo = ShapeCreator;
		};
/* End PBXContainerItemProxy section */

/* Begin PBXFileReference section */
		3B5BDEB221795F6F008EEA33 /* ShapeCreator.app */ = {isa = PBXFileReference; explicitFileType = wrapper.application; includeInIndex = 0; path = ShapeCreator.app; sourceTree = BUILT_PRODUCTS_DIR; };
		3B5BDEB521795F6F008EEA33 /* AppDelegate.h */ = {isa = PBXFileReference; lastKnownFileType = sourcecode.c.h; path = AppDelegate.h; sourceTree = "<group>"; };
		3B5BDEB621795F6F008EEA33 /* AppDelegate.m */ = {isa = PBXFileReference; lastKnownFileType = sourcecode.c.objc; path = AppDelegate.m; sourceTree = "<group>"; };
		3B5BDEB821795F6F008EEA33 /* ViewController.h */ = {isa = PBXFileReference; lastKnownFileType = sourcecode.c.h; path = ViewController.h; sourceTree = "<group>"; };
		3B5BDEB921795F6F008EEA33 /* ViewController.m */ = {isa = PBXFileReference; lastKnownFileType = sourcecode.c.objc; path = ViewController.m; sourceTree = "<group>"; };
		3B5BDEBC21795F6F008EEA33 /* Base */ = {isa = PBXFileReference; lastKnownFileType = file.storyboard; name = Base; path = Base.lproj/Main.storyboard; sourceTree = "<group>"; };
		3B5BDEBF21795F6F008EEA33 /* ShapeCreator.xcdatamodel */ = {isa = PBXFileReference; lastKnownFileType = wrapper.xcdatamodel; path = ShapeCreator.xcdatamodel; sourceTree = "<group>"; };
		3B5BDEC121795F70008EEA33 /* Assets.xcassets */ = {isa = PBXFileReference; lastKnownFileType = folder.assetcatalog; path = Assets.xcassets; sourceTree = "<group>"; };
		3B5BDEC421795F70008EEA33 /* Base */ = {isa = PBXFileReference; lastKnownFileType = file.storyboard; name = Base; path = Base.lproj/LaunchScreen.storyboard; sourceTree = "<group>"; };
		3B5BDEC621795F70008EEA33 /* Info.plist */ = {isa = PBXFileReference; lastKnownFileType = text.plist.xml; path = Info.plist; sourceTree = "<group>"; };
		3B5BDEC721795F70008EEA33 /* main.m */ = {isa = PBXFileReference; lastKnownFileType = sourcecode.c.objc; path = main.m; sourceTree = "<group>"; };
		3B5BDECD21795F71008EEA33 /* ShapeCreatorTests.xctest */ = {isa = PBXFileReference; explicitFileType = wrapper.cfbundle; includeInIndex = 0; path = ShapeCreatorTests.xctest; sourceTree = BUILT_PRODUCTS_DIR; };
		3B5BDED121795F71008EEA33 /* ShapeCreatorTests.m */ = {isa = PBXFileReference; lastKnownFileType = sourcecode.c.objc; path = ShapeCreatorTests.m; sourceTree = "<group>"; };
		3B5BDED321795F71008EEA33 /* Info.plist */ = {isa = PBXFileReference; lastKnownFileType = text.plist.xml; path = Info.plist; sourceTree = "<group>"; };
		3B5BDED821795F71008EEA33 /* ShapeCreatorUITests.xctest */ = {isa = PBXFileReference; explicitFileType = wrapper.cfbundle; includeInIndex = 0; path = ShapeCreatorUITests.xctest; sourceTree = BUILT_PRODUCTS_DIR; };
		3B5BDEDC21795F71008EEA33 /* ShapeCreatorUITests.m */ = {isa = PBXFileReference; lastKnownFileType = sourcecode.c.objc; path = ShapeCreatorUITests.m; sourceTree = "<group>"; };
		3B5BDEDE21795F71008EEA33 /* Info.plist */ = {isa = PBXFileReference; lastKnownFileType = text.plist.xml; path = Info.plist; sourceTree = "<group>"; };
		3B71B290218668EB00230D89 /* InstructionView.h */ = {isa = PBXFileReference; lastKnownFileType = sourcecode.c.h; path = InstructionView.h; sourceTree = "<group>"; };
		3B71B291218668EB00230D89 /* InstructionView.m */ = {isa = PBXFileReference; lastKnownFileType = sourcecode.c.objc; path = InstructionView.m; sourceTree = "<group>"; };
		3B71B2A821951CBE00230D89 /* InstructionPaneViewController.h */ = {isa = PBXFileReference; lastKnownFileType = sourcecode.c.h; path = InstructionPaneViewController.h; sourceTree = "<group>"; };
		3B71B2A921951CBE00230D89 /* InstructionPaneViewController.m */ = {isa = PBXFileReference; lastKnownFileType = sourcecode.c.objc; path = InstructionPaneViewController.m; sourceTree = "<group>"; };
		3B71B2AB21951CF200230D89 /* InstructionPaneView.h */ = {isa = PBXFileReference; lastKnownFileType = sourcecode.c.h; path = InstructionPaneView.h; sourceTree = "<group>"; };
		3B71B2AC21951CF200230D89 /* InstructionPaneView.m */ = {isa = PBXFileReference; lastKnownFileType = sourcecode.c.objc; path = InstructionPaneView.m; sourceTree = "<group>"; };
		3B805D5D2182366F00455C54 /* WalkthroughViewController.h */ = {isa = PBXFileReference; lastKnownFileType = sourcecode.c.h; path = WalkthroughViewController.h; sourceTree = "<group>"; };
		3B805D5E2182366F00455C54 /* WalkthroughViewController.m */ = {isa = PBXFileReference; lastKnownFileType = sourcecode.c.objc; path = WalkthroughViewController.m; sourceTree = "<group>"; };
		3B805D602182370B00455C54 /* WalkthroughView.h */ = {isa = PBXFileReference; lastKnownFileType = sourcecode.c.h; path = WalkthroughView.h; sourceTree = "<group>"; };
		3B805D612182370B00455C54 /* WalkthroughView.m */ = {isa = PBXFileReference; lastKnownFileType = sourcecode.c.objc; path = WalkthroughView.m; sourceTree = "<group>"; };
		3B805D632182BC0C00455C54 /* CanvasView.h */ = {isa = PBXFileReference; lastKnownFileType = sourcecode.c.h; path = CanvasView.h; sourceTree = "<group>"; };
		3B805D642182BC0C00455C54 /* CanvasView.m */ = {isa = PBXFileReference; lastKnownFileType = sourcecode.c.objc; path = CanvasView.m; sourceTree = "<group>"; };
		3B805D662182BC1F00455C54 /* CanvasViewController.h */ = {isa = PBXFileReference; lastKnownFileType = sourcecode.c.h; path = CanvasViewController.h; sourceTree = "<group>"; };
		3B805D672182BC1F00455C54 /* CanvasViewController.m */ = {isa = PBXFileReference; lastKnownFileType = sourcecode.c.objc; path = CanvasViewController.m; sourceTree = "<group>"; };
		3BE18DC921ABBDBD00EB8D79 /* TrayView.h */ = {isa = PBXFileReference; lastKnownFileType = sourcecode.c.h; path = TrayView.h; sourceTree = "<group>"; };
		3BE18DCA21ABBDBD00EB8D79 /* TrayView.m */ = {isa = PBXFileReference; lastKnownFileType = sourcecode.c.objc; path = TrayView.m; sourceTree = "<group>"; };
		3BE18DCC21ACFA2700EB8D79 /* TrayViewController.h */ = {isa = PBXFileReference; lastKnownFileType = sourcecode.c.h; path = TrayViewController.h; sourceTree = "<group>"; };
		3BE18DCD21ACFA2700EB8D79 /* TrayViewController.m */ = {isa = PBXFileReference; lastKnownFileType = sourcecode.c.objc; path = TrayViewController.m; sourceTree = "<group>"; };
		3BE18DD121B4C74400EB8D79 /* ColorPickerView.h */ = {isa = PBXFileReference; lastKnownFileType = sourcecode.c.h; path = ColorPickerView.h; sourceTree = "<group>"; };
		3BE18DD221B4C74400EB8D79 /* ColorPickerView.m */ = {isa = PBXFileReference; lastKnownFileType = sourcecode.c.objc; path = ColorPickerView.m; sourceTree = "<group>"; };
		3BE18DD421B5114300EB8D79 /* ColorPickerViewController.h */ = {isa = PBXFileReference; lastKnownFileType = sourcecode.c.h; path = ColorPickerViewController.h; sourceTree = "<group>"; };
		3BE18DD521B5114300EB8D79 /* ColorPickerViewController.m */ = {isa = PBXFileReference; lastKnownFileType = sourcecode.c.objc; path = ColorPickerViewController.m; sourceTree = "<group>"; };
/* End PBXFileReference section */

/* Begin PBXFrameworksBuildPhase section */
		3B5BDEAF21795F6E008EEA33 /* Frameworks */ = {
			isa = PBXFrameworksBuildPhase;
			buildActionMask = 2147483647;
			files = (
			);
			runOnlyForDeploymentPostprocessing = 0;
		};
		3B5BDECA21795F70008EEA33 /* Frameworks */ = {
			isa = PBXFrameworksBuildPhase;
			buildActionMask = 2147483647;
			files = (
			);
			runOnlyForDeploymentPostprocessing = 0;
		};
		3B5BDED521795F71008EEA33 /* Frameworks */ = {
			isa = PBXFrameworksBuildPhase;
			buildActionMask = 2147483647;
			files = (
			);
			runOnlyForDeploymentPostprocessing = 0;
		};
/* End PBXFrameworksBuildPhase section */

/* Begin PBXGroup section */
		3B5BDEA921795F6E008EEA33 = {
			isa = PBXGroup;
			children = (
				3B5BDEB421795F6F008EEA33 /* ShapeCreator */,
				3B5BDED021795F71008EEA33 /* ShapeCreatorTests */,
				3B5BDEDB21795F71008EEA33 /* ShapeCreatorUITests */,
				3B5BDEB321795F6F008EEA33 /* Products */,
			);
			sourceTree = "<group>";
		};
		3B5BDEB321795F6F008EEA33 /* Products */ = {
			isa = PBXGroup;
			children = (
				3B5BDEB221795F6F008EEA33 /* ShapeCreator.app */,
				3B5BDECD21795F71008EEA33 /* ShapeCreatorTests.xctest */,
				3B5BDED821795F71008EEA33 /* ShapeCreatorUITests.xctest */,
			);
			name = Products;
			sourceTree = "<group>";
		};
		3B5BDEB421795F6F008EEA33 /* ShapeCreator */ = {
			isa = PBXGroup;
			children = (
				3B71B28F21864B1600230D89 /* Canvas */,
				3B71B28E21864B0100230D89 /* Walkthrough */,
				3BE18DC821ABBD9A00EB8D79 /* Tray */,
				3BE18DD021B4C71E00EB8D79 /* Color Picker */,
				3B5BDEB521795F6F008EEA33 /* AppDelegate.h */,
				3B5BDEB621795F6F008EEA33 /* AppDelegate.m */,
				3B5BDEB821795F6F008EEA33 /* ViewController.h */,
				3B5BDEB921795F6F008EEA33 /* ViewController.m */,
				3B5BDEBB21795F6F008EEA33 /* Main.storyboard */,
				3B5BDEC121795F70008EEA33 /* Assets.xcassets */,
				3B5BDEC321795F70008EEA33 /* LaunchScreen.storyboard */,
				3B5BDEC621795F70008EEA33 /* Info.plist */,
				3B5BDEC721795F70008EEA33 /* main.m */,
				3B5BDEBE21795F6F008EEA33 /* ShapeCreator.xcdatamodeld */,
			);
			path = ShapeCreator;
			sourceTree = "<group>";
		};
		3B5BDED021795F71008EEA33 /* ShapeCreatorTests */ = {
			isa = PBXGroup;
			children = (
				3B5BDED121795F71008EEA33 /* ShapeCreatorTests.m */,
				3B5BDED321795F71008EEA33 /* Info.plist */,
			);
			path = ShapeCreatorTests;
			sourceTree = "<group>";
		};
		3B5BDEDB21795F71008EEA33 /* ShapeCreatorUITests */ = {
			isa = PBXGroup;
			children = (
				3B5BDEDC21795F71008EEA33 /* ShapeCreatorUITests.m */,
				3B5BDEDE21795F71008EEA33 /* Info.plist */,
			);
			path = ShapeCreatorUITests;
			sourceTree = "<group>";
		};
		3B71B28E21864B0100230D89 /* Walkthrough */ = {
			isa = PBXGroup;
			children = (
				3B805D5D2182366F00455C54 /* WalkthroughViewController.h */,
				3B805D5E2182366F00455C54 /* WalkthroughViewController.m */,
				3B805D602182370B00455C54 /* WalkthroughView.h */,
				3B805D612182370B00455C54 /* WalkthroughView.m */,
				3B71B2A821951CBE00230D89 /* InstructionPaneViewController.h */,
				3B71B2A921951CBE00230D89 /* InstructionPaneViewController.m */,
				3B71B2AB21951CF200230D89 /* InstructionPaneView.h */,
				3B71B2AC21951CF200230D89 /* InstructionPaneView.m */,
				3B71B290218668EB00230D89 /* InstructionView.h */,
				3B71B291218668EB00230D89 /* InstructionView.m */,
			);
			path = Walkthrough;
			sourceTree = "<group>";
		};
		3B71B28F21864B1600230D89 /* Canvas */ = {
			isa = PBXGroup;
			children = (
				3B805D632182BC0C00455C54 /* CanvasView.h */,
				3B805D642182BC0C00455C54 /* CanvasView.m */,
				3B805D662182BC1F00455C54 /* CanvasViewController.h */,
				3B805D672182BC1F00455C54 /* CanvasViewController.m */,
			);
			path = Canvas;
			sourceTree = "<group>";
		};
		3BE18DC821ABBD9A00EB8D79 /* Tray */ = {
			isa = PBXGroup;
			children = (
				3BE18DCC21ACFA2700EB8D79 /* TrayViewController.h */,
				3BE18DCD21ACFA2700EB8D79 /* TrayViewController.m */,
				3BE18DC921ABBDBD00EB8D79 /* TrayView.h */,
				3BE18DCA21ABBDBD00EB8D79 /* TrayView.m */,
			);
			path = Tray;
			sourceTree = "<group>";
		};
		3BE18DD021B4C71E00EB8D79 /* Color Picker */ = {
			isa = PBXGroup;
			children = (
				3BE18DD121B4C74400EB8D79 /* ColorPickerView.h */,
				3BE18DD221B4C74400EB8D79 /* ColorPickerView.m */,
				3BE18DD421B5114300EB8D79 /* ColorPickerViewController.h */,
				3BE18DD521B5114300EB8D79 /* ColorPickerViewController.m */,
			);
			path = "Color Picker";
			sourceTree = "<group>";
		};
/* End PBXGroup section */

/* Begin PBXNativeTarget section */
		3B5BDEB121795F6E008EEA33 /* ShapeCreator */ = {
			isa = PBXNativeTarget;
			buildConfigurationList = 3B5BDEE121795F71008EEA33 /* Build configuration list for PBXNativeTarget "ShapeCreator" */;
			buildPhases = (
				3B5BDEAE21795F6E008EEA33 /* Sources */,
				3B5BDEAF21795F6E008EEA33 /* Frameworks */,
				3B5BDEB021795F6E008EEA33 /* Resources */,
			);
			buildRules = (
			);
			dependencies = (
			);
			name = ShapeCreator;
			productName = ShapeCreator;
			productReference = 3B5BDEB221795F6F008EEA33 /* ShapeCreator.app */;
			productType = "com.apple.product-type.application";
		};
		3B5BDECC21795F70008EEA33 /* ShapeCreatorTests */ = {
			isa = PBXNativeTarget;
			buildConfigurationList = 3B5BDEE421795F71008EEA33 /* Build configuration list for PBXNativeTarget "ShapeCreatorTests" */;
			buildPhases = (
				3B5BDEC921795F70008EEA33 /* Sources */,
				3B5BDECA21795F70008EEA33 /* Frameworks */,
				3B5BDECB21795F70008EEA33 /* Resources */,
			);
			buildRules = (
			);
			dependencies = (
				3B5BDECF21795F71008EEA33 /* PBXTargetDependency */,
			);
			name = ShapeCreatorTests;
			productName = ShapeCreatorTests;
			productReference = 3B5BDECD21795F71008EEA33 /* ShapeCreatorTests.xctest */;
			productType = "com.apple.product-type.bundle.unit-test";
		};
		3B5BDED721795F71008EEA33 /* ShapeCreatorUITests */ = {
			isa = PBXNativeTarget;
			buildConfigurationList = 3B5BDEE721795F71008EEA33 /* Build configuration list for PBXNativeTarget "ShapeCreatorUITests" */;
			buildPhases = (
				3B5BDED421795F71008EEA33 /* Sources */,
				3B5BDED521795F71008EEA33 /* Frameworks */,
				3B5BDED621795F71008EEA33 /* Resources */,
			);
			buildRules = (
			);
			dependencies = (
				3B5BDEDA21795F71008EEA33 /* PBXTargetDependency */,
			);
			name = ShapeCreatorUITests;
			productName = ShapeCreatorUITests;
			productReference = 3B5BDED821795F71008EEA33 /* ShapeCreatorUITests.xctest */;
			productType = "com.apple.product-type.bundle.ui-testing";
		};
/* End PBXNativeTarget section */

/* Begin PBXProject section */
		3B5BDEAA21795F6E008EEA33 /* Project object */ = {
			isa = PBXProject;
			attributes = {
				LastUpgradeCheck = 0940;
				ORGANIZATIONNAME = bzsinger;
				TargetAttributes = {
					3B5BDEB121795F6E008EEA33 = {
						CreatedOnToolsVersion = 9.4.1;
					};
					3B5BDECC21795F70008EEA33 = {
						CreatedOnToolsVersion = 9.4.1;
						TestTargetID = 3B5BDEB121795F6E008EEA33;
					};
					3B5BDED721795F71008EEA33 = {
						CreatedOnToolsVersion = 9.4.1;
						TestTargetID = 3B5BDEB121795F6E008EEA33;
					};
				};
			};
			buildConfigurationList = 3B5BDEAD21795F6E008EEA33 /* Build configuration list for PBXProject "ShapeCreator" */;
			compatibilityVersion = "Xcode 9.3";
			developmentRegion = en;
			hasScannedForEncodings = 0;
			knownRegions = (
				en,
				Base,
			);
			mainGroup = 3B5BDEA921795F6E008EEA33;
			productRefGroup = 3B5BDEB321795F6F008EEA33 /* Products */;
			projectDirPath = "";
			projectRoot = "";
			targets = (
				3B5BDEB121795F6E008EEA33 /* ShapeCreator */,
				3B5BDECC21795F70008EEA33 /* ShapeCreatorTests */,
				3B5BDED721795F71008EEA33 /* ShapeCreatorUITests */,
			);
		};
/* End PBXProject section */

/* Begin PBXResourcesBuildPhase section */
		3B5BDEB021795F6E008EEA33 /* Resources */ = {
			isa = PBXResourcesBuildPhase;
			buildActionMask = 2147483647;
			files = (
				3B5BDEC521795F70008EEA33 /* LaunchScreen.storyboard in Resources */,
				3B5BDEC221795F70008EEA33 /* Assets.xcassets in Resources */,
				3B5BDEBD21795F6F008EEA33 /* Main.storyboard in Resources */,
			);
			runOnlyForDeploymentPostprocessing = 0;
		};
		3B5BDECB21795F70008EEA33 /* Resources */ = {
			isa = PBXResourcesBuildPhase;
			buildActionMask = 2147483647;
			files = (
			);
			runOnlyForDeploymentPostprocessing = 0;
		};
		3B5BDED621795F71008EEA33 /* Resources */ = {
			isa = PBXResourcesBuildPhase;
			buildActionMask = 2147483647;
			files = (
			);
			runOnlyForDeploymentPostprocessing = 0;
		};
/* End PBXResourcesBuildPhase section */

/* Begin PBXSourcesBuildPhase section */
		3B5BDEAE21795F6E008EEA33 /* Sources */ = {
			isa = PBXSourcesBuildPhase;
			buildActionMask = 2147483647;
			files = (
				3B5BDEC021795F6F008EEA33 /* ShapeCreator.xcdatamodeld in Sources */,
				3BE18DD621B5114300EB8D79 /* ColorPickerViewController.m in Sources */,
				3B5BDEBA21795F6F008EEA33 /* ViewController.m in Sources */,
				3B71B2AD21951CF200230D89 /* InstructionPaneView.m in Sources */,
				3B5BDEC821795F70008EEA33 /* main.m in Sources */,
				3B71B292218668EB00230D89 /* InstructionView.m in Sources */,
				3B805D622182370B00455C54 /* WalkthroughView.m in Sources */,
				3B805D682182BC1F00455C54 /* CanvasViewController.m in Sources */,
				3BE18DCE21ACFA2700EB8D79 /* TrayViewController.m in Sources */,
				3BE18DD321B4C74400EB8D79 /* ColorPickerView.m in Sources */,
				3B805D652182BC0C00455C54 /* CanvasView.m in Sources */,
				3BE18DCB21ABBDBD00EB8D79 /* TrayView.m in Sources */,
				3B805D5F2182366F00455C54 /* WalkthroughViewController.m in Sources */,
				3B5BDEB721795F6F008EEA33 /* AppDelegate.m in Sources */,
				3B71B2AA21951CBE00230D89 /* InstructionPaneViewController.m in Sources */,
			);
			runOnlyForDeploymentPostprocessing = 0;
		};
		3B5BDEC921795F70008EEA33 /* Sources */ = {
			isa = PBXSourcesBuildPhase;
			buildActionMask = 2147483647;
			files = (
				3B5BDED221795F71008EEA33 /* ShapeCreatorTests.m in Sources */,
			);
			runOnlyForDeploymentPostprocessing = 0;
		};
		3B5BDED421795F71008EEA33 /* Sources */ = {
			isa = PBXSourcesBuildPhase;
			buildActionMask = 2147483647;
			files = (
				3B5BDEDD21795F71008EEA33 /* ShapeCreatorUITests.m in Sources */,
			);
			runOnlyForDeploymentPostprocessing = 0;
		};
/* End PBXSourcesBuildPhase section */

/* Begin PBXTargetDependency section */
		3B5BDECF21795F71008EEA33 /* PBXTargetDependency */ = {
			isa = PBXTargetDependency;
			target = 3B5BDEB121795F6E008EEA33 /* ShapeCreator */;
			targetProxy = 3B5BDECE21795F71008EEA33 /* PBXContainerItemProxy */;
		};
		3B5BDEDA21795F71008EEA33 /* PBXTargetDependency */ = {
			isa = PBXTargetDependency;
			target = 3B5BDEB121795F6E008EEA33 /* ShapeCreator */;
			targetProxy = 3B5BDED921795F71008EEA33 /* PBXContainerItemProxy */;
		};
/* End PBXTargetDependency section */

/* Begin PBXVariantGroup section */
		3B5BDEBB21795F6F008EEA33 /* Main.storyboard */ = {
			isa = PBXVariantGroup;
			children = (
				3B5BDEBC21795F6F008EEA33 /* Base */,
			);
			name = Main.storyboard;
			sourceTree = "<group>";
		};
		3B5BDEC321795F70008EEA33 /* LaunchScreen.storyboard */ = {
			isa = PBXVariantGroup;
			children = (
				3B5BDEC421795F70008EEA33 /* Base */,
			);
			name = LaunchScreen.storyboard;
			sourceTree = "<group>";
		};
/* End PBXVariantGroup section */

/* Begin XCBuildConfiguration section */
		3B5BDEDF21795F71008EEA33 /* Debug */ = {
			isa = XCBuildConfiguration;
			buildSettings = {
				ALWAYS_SEARCH_USER_PATHS = NO;
				CLANG_ANALYZER_NONNULL = YES;
				CLANG_ANALYZER_NUMBER_OBJECT_CONVERSION = YES_AGGRESSIVE;
				CLANG_CXX_LANGUAGE_STANDARD = "gnu++14";
				CLANG_CXX_LIBRARY = "libc++";
				CLANG_ENABLE_MODULES = YES;
				CLANG_ENABLE_OBJC_ARC = YES;
				CLANG_ENABLE_OBJC_WEAK = YES;
				CLANG_WARN_BLOCK_CAPTURE_AUTORELEASING = YES;
				CLANG_WARN_BOOL_CONVERSION = YES;
				CLANG_WARN_COMMA = YES;
				CLANG_WARN_CONSTANT_CONVERSION = YES;
				CLANG_WARN_DEPRECATED_OBJC_IMPLEMENTATIONS = YES;
				CLANG_WARN_DIRECT_OBJC_ISA_USAGE = YES_ERROR;
				CLANG_WARN_DOCUMENTATION_COMMENTS = YES;
				CLANG_WARN_EMPTY_BODY = YES;
				CLANG_WARN_ENUM_CONVERSION = YES;
				CLANG_WARN_INFINITE_RECURSION = YES;
				CLANG_WARN_INT_CONVERSION = YES;
				CLANG_WARN_NON_LITERAL_NULL_CONVERSION = YES;
				CLANG_WARN_OBJC_IMPLICIT_RETAIN_SELF = YES;
				CLANG_WARN_OBJC_LITERAL_CONVERSION = YES;
				CLANG_WARN_OBJC_ROOT_CLASS = YES_ERROR;
				CLANG_WARN_RANGE_LOOP_ANALYSIS = YES;
				CLANG_WARN_STRICT_PROTOTYPES = YES;
				CLANG_WARN_SUSPICIOUS_MOVE = YES;
				CLANG_WARN_UNGUARDED_AVAILABILITY = YES_AGGRESSIVE;
				CLANG_WARN_UNREACHABLE_CODE = YES;
				CLANG_WARN__DUPLICATE_METHOD_MATCH = YES;
				CODE_SIGN_IDENTITY = "iPhone Developer";
				COPY_PHASE_STRIP = NO;
				DEBUG_INFORMATION_FORMAT = dwarf;
				ENABLE_STRICT_OBJC_MSGSEND = YES;
				ENABLE_TESTABILITY = YES;
				GCC_C_LANGUAGE_STANDARD = gnu11;
				GCC_DYNAMIC_NO_PIC = NO;
				GCC_NO_COMMON_BLOCKS = YES;
				GCC_OPTIMIZATION_LEVEL = 0;
				GCC_PREPROCESSOR_DEFINITIONS = (
					"DEBUG=1",
					"$(inherited)",
				);
				GCC_WARN_64_TO_32_BIT_CONVERSION = YES;
				GCC_WARN_ABOUT_RETURN_TYPE = YES_ERROR;
				GCC_WARN_UNDECLARED_SELECTOR = YES;
				GCC_WARN_UNINITIALIZED_AUTOS = YES_AGGRESSIVE;
				GCC_WARN_UNUSED_FUNCTION = YES;
				GCC_WARN_UNUSED_VARIABLE = YES;
				IPHONEOS_DEPLOYMENT_TARGET = 11.4;
				MTL_ENABLE_DEBUG_INFO = YES;
				ONLY_ACTIVE_ARCH = YES;
				SDKROOT = iphoneos;
			};
			name = Debug;
		};
		3B5BDEE021795F71008EEA33 /* Release */ = {
			isa = XCBuildConfiguration;
			buildSettings = {
				ALWAYS_SEARCH_USER_PATHS = NO;
				CLANG_ANALYZER_NONNULL = YES;
				CLANG_ANALYZER_NUMBER_OBJECT_CONVERSION = YES_AGGRESSIVE;
				CLANG_CXX_LANGUAGE_STANDARD = "gnu++14";
				CLANG_CXX_LIBRARY = "libc++";
				CLANG_ENABLE_MODULES = YES;
				CLANG_ENABLE_OBJC_ARC = YES;
				CLANG_ENABLE_OBJC_WEAK = YES;
				CLANG_WARN_BLOCK_CAPTURE_AUTORELEASING = YES;
				CLANG_WARN_BOOL_CONVERSION = YES;
				CLANG_WARN_COMMA = YES;
				CLANG_WARN_CONSTANT_CONVERSION = YES;
				CLANG_WARN_DEPRECATED_OBJC_IMPLEMENTATIONS = YES;
				CLANG_WARN_DIRECT_OBJC_ISA_USAGE = YES_ERROR;
				CLANG_WARN_DOCUMENTATION_COMMENTS = YES;
				CLANG_WARN_EMPTY_BODY = YES;
				CLANG_WARN_ENUM_CONVERSION = YES;
				CLANG_WARN_INFINITE_RECURSION = YES;
				CLANG_WARN_INT_CONVERSION = YES;
				CLANG_WARN_NON_LITERAL_NULL_CONVERSION = YES;
				CLANG_WARN_OBJC_IMPLICIT_RETAIN_SELF = YES;
				CLANG_WARN_OBJC_LITERAL_CONVERSION = YES;
				CLANG_WARN_OBJC_ROOT_CLASS = YES_ERROR;
				CLANG_WARN_RANGE_LOOP_ANALYSIS = YES;
				CLANG_WARN_STRICT_PROTOTYPES = YES;
				CLANG_WARN_SUSPICIOUS_MOVE = YES;
				CLANG_WARN_UNGUARDED_AVAILABILITY = YES_AGGRESSIVE;
				CLANG_WARN_UNREACHABLE_CODE = YES;
				CLANG_WARN__DUPLICATE_METHOD_MATCH = YES;
				CODE_SIGN_IDENTITY = "iPhone Developer";
				COPY_PHASE_STRIP = NO;
				DEBUG_INFORMATION_FORMAT = "dwarf-with-dsym";
				ENABLE_NS_ASSERTIONS = NO;
				ENABLE_STRICT_OBJC_MSGSEND = YES;
				GCC_C_LANGUAGE_STANDARD = gnu11;
				GCC_NO_COMMON_BLOCKS = YES;
				GCC_WARN_64_TO_32_BIT_CONVERSION = YES;
				GCC_WARN_ABOUT_RETURN_TYPE = YES_ERROR;
				GCC_WARN_UNDECLARED_SELECTOR = YES;
				GCC_WARN_UNINITIALIZED_AUTOS = YES_AGGRESSIVE;
				GCC_WARN_UNUSED_FUNCTION = YES;
				GCC_WARN_UNUSED_VARIABLE = YES;
				IPHONEOS_DEPLOYMENT_TARGET = 11.4;
				MTL_ENABLE_DEBUG_INFO = NO;
				SDKROOT = iphoneos;
				VALIDATE_PRODUCT = YES;
			};
			name = Release;
		};
		3B5BDEE221795F71008EEA33 /* Debug */ = {
			isa = XCBuildConfiguration;
			buildSettings = {
				ASSETCATALOG_COMPILER_APPICON_NAME = AppIcon;
				CODE_SIGN_STYLE = Automatic;
				DEVELOPMENT_TEAM = KH4R8G85HG;
				INFOPLIST_FILE = ShapeCreator/Info.plist;
				LD_RUNPATH_SEARCH_PATHS = (
					"$(inherited)",
					"@executable_path/Frameworks",
				);
				PRODUCT_BUNDLE_IDENTIFIER = bzsinger.ShapeCreator;
				PRODUCT_NAME = "$(TARGET_NAME)";
				TARGETED_DEVICE_FAMILY = "1,2";
			};
			name = Debug;
		};
		3B5BDEE321795F71008EEA33 /* Release */ = {
			isa = XCBuildConfiguration;
			buildSettings = {
				ASSETCATALOG_COMPILER_APPICON_NAME = AppIcon;
				CODE_SIGN_STYLE = Automatic;
				DEVELOPMENT_TEAM = KH4R8G85HG;
				INFOPLIST_FILE = ShapeCreator/Info.plist;
				LD_RUNPATH_SEARCH_PATHS = (
					"$(inherited)",
					"@executable_path/Frameworks",
				);
				PRODUCT_BUNDLE_IDENTIFIER = bzsinger.ShapeCreator;
				PRODUCT_NAME = "$(TARGET_NAME)";
				TARGETED_DEVICE_FAMILY = "1,2";
			};
			name = Release;
		};
		3B5BDEE521795F71008EEA33 /* Debug */ = {
			isa = XCBuildConfiguration;
			buildSettings = {
				BUNDLE_LOADER = "$(TEST_HOST)";
				CODE_SIGN_STYLE = Automatic;
				DEVELOPMENT_TEAM = KH4R8G85HG;
				INFOPLIST_FILE = ShapeCreatorTests/Info.plist;
				LD_RUNPATH_SEARCH_PATHS = (
					"$(inherited)",
					"@executable_path/Frameworks",
					"@loader_path/Frameworks",
				);
				PRODUCT_BUNDLE_IDENTIFIER = bzsinger.ShapeCreatorTests;
				PRODUCT_NAME = "$(TARGET_NAME)";
				TARGETED_DEVICE_FAMILY = "1,2";
				TEST_HOST = "$(BUILT_PRODUCTS_DIR)/ShapeCreator.app/ShapeCreator";
			};
			name = Debug;
		};
		3B5BDEE621795F71008EEA33 /* Release */ = {
			isa = XCBuildConfiguration;
			buildSettings = {
				BUNDLE_LOADER = "$(TEST_HOST)";
				CODE_SIGN_STYLE = Automatic;
				DEVELOPMENT_TEAM = KH4R8G85HG;
				INFOPLIST_FILE = ShapeCreatorTests/Info.plist;
				LD_RUNPATH_SEARCH_PATHS = (
					"$(inherited)",
					"@executable_path/Frameworks",
					"@loader_path/Frameworks",
				);
				PRODUCT_BUNDLE_IDENTIFIER = bzsinger.ShapeCreatorTests;
				PRODUCT_NAME = "$(TARGET_NAME)";
				TARGETED_DEVICE_FAMILY = "1,2";
				TEST_HOST = "$(BUILT_PRODUCTS_DIR)/ShapeCreator.app/ShapeCreator";
			};
			name = Release;
		};
		3B5BDEE821795F71008EEA33 /* Debug */ = {
			isa = XCBuildConfiguration;
			buildSettings = {
				CODE_SIGN_STYLE = Automatic;
				DEVELOPMENT_TEAM = KH4R8G85HG;
				INFOPLIST_FILE = ShapeCreatorUITests/Info.plist;
				LD_RUNPATH_SEARCH_PATHS = (
					"$(inherited)",
					"@executable_path/Frameworks",
					"@loader_path/Frameworks",
				);
				PRODUCT_BUNDLE_IDENTIFIER = bzsinger.ShapeCreatorUITests;
				PRODUCT_NAME = "$(TARGET_NAME)";
				TARGETED_DEVICE_FAMILY = "1,2";
				TEST_TARGET_NAME = ShapeCreator;
			};
			name = Debug;
		};
		3B5BDEE921795F71008EEA33 /* Release */ = {
			isa = XCBuildConfiguration;
			buildSettings = {
				CODE_SIGN_STYLE = Automatic;
				DEVELOPMENT_TEAM = KH4R8G85HG;
				INFOPLIST_FILE = ShapeCreatorUITests/Info.plist;
				LD_RUNPATH_SEARCH_PATHS = (
					"$(inherited)",
					"@executable_path/Frameworks",
					"@loader_path/Frameworks",
				);
				PRODUCT_BUNDLE_IDENTIFIER = bzsinger.ShapeCreatorUITests;
				PRODUCT_NAME = "$(TARGET_NAME)";
				TARGETED_DEVICE_FAMILY = "1,2";
				TEST_TARGET_NAME = ShapeCreator;
			};
			name = Release;
		};
/* End XCBuildConfiguration section */

/* Begin XCConfigurationList section */
		3B5BDEAD21795F6E008EEA33 /* Build configuration list for PBXProject "ShapeCreator" */ = {
			isa = XCConfigurationList;
			buildConfigurations = (
				3B5BDEDF21795F71008EEA33 /* Debug */,
				3B5BDEE021795F71008EEA33 /* Release */,
			);
			defaultConfigurationIsVisible = 0;
			defaultConfigurationName = Release;
		};
		3B5BDEE121795F71008EEA33 /* Build configuration list for PBXNativeTarget "ShapeCreator" */ = {
			isa = XCConfigurationList;
			buildConfigurations = (
				3B5BDEE221795F71008EEA33 /* Debug */,
				3B5BDEE321795F71008EEA33 /* Release */,
			);
			defaultConfigurationIsVisible = 0;
			defaultConfigurationName = Release;
		};
		3B5BDEE421795F71008EEA33 /* Build configuration list for PBXNativeTarget "ShapeCreatorTests" */ = {
			isa = XCConfigurationList;
			buildConfigurations = (
				3B5BDEE521795F71008EEA33 /* Debug */,
				3B5BDEE621795F71008EEA33 /* Release */,
			);
			defaultConfigurationIsVisible = 0;
			defaultConfigurationName = Release;
		};
		3B5BDEE721795F71008EEA33 /* Build configuration list for PBXNativeTarget "ShapeCreatorUITests" */ = {
			isa = XCConfigurationList;
			buildConfigurations = (
				3B5BDEE821795F71008EEA33 /* Debug */,
				3B5BDEE921795F71008EEA33 /* Release */,
			);
			defaultConfigurationIsVisible = 0;
			defaultConfigurationName = Release;
		};
/* End XCConfigurationList section */

/* Begin XCVersionGroup section */
		3B5BDEBE21795F6F008EEA33 /* ShapeCreator.xcdatamodeld */ = {
			isa = XCVersionGroup;
			children = (
				3B5BDEBF21795F6F008EEA33 /* ShapeCreator.xcdatamodel */,
			);
			currentVersion = 3B5BDEBF21795F6F008EEA33 /* ShapeCreator.xcdatamodel */;
			path = ShapeCreator.xcdatamodeld;
			sourceTree = "<group>";
			versionGroupType = wrapper.xcdatamodel;
		};
/* End XCVersionGroup section */
	};
	rootObject = 3B5BDEAA21795F6E008EEA33 /* Project object */;
}
